
Microsoft Visual Studio Solution File, Format Version 12.00
# Visual Studio Version 16
VisualStudioVersion = 16.0.32901.82
MinimumVisualStudioVersion = 10.0.40219.1
Project("{FAE04EC0-301F-11D3-BF4B-00C04F79EFBC}") = "Step-281 - Method", "Step-281 - Method\Step-281 - Method.csproj", "{4481AA23-37EF-4841-AAE8-E39A6B4A9A50}"
EndProject
Global
	GlobalSection(SolutionConfigurationPlatforms) = preSolution
		Debug|Any CPU = Debug|Any CPU
		Release|Any CPU = Release|Any CPU
	EndGlobalSection
	GlobalSection(ProjectConfigurationPlatforms) = postSolution
		{4481AA23-37EF-4841-AAE8-E39A6B4A9A50}.Debug|Any CPU.ActiveCfg = Debug|Any CPU
		{4481AA23-37EF-4841-AAE8-E39A6B4A9A50}.Debug|Any CPU.Build.0 = Debug|Any CPU
		{4481AA23-37EF-4841-AAE8-E39A6B4A9A50}.Release|Any CPU.ActiveCfg = Release|Any CPU
		{4481AA23-37EF-4841-AAE8-E39A6B4A9A50}.Release|Any CPU.Build.0 = Release|Any CPU
	EndGlobalSection
	GlobalSection(SolutionProperties) = preSolution
		HideSolutionNode = FALSE
	EndGlobalSection
	GlobalSection(ExtensibilityGlobals) = postSolution
		SolutionGuid = {7768EF4C-CCFF-4C67-A314-DEF827863629}
	EndGlobalSection
EndGlobal
