
Microsoft Visual Studio Solution File, Format Version 12.00
# Visual Studio Version 17
VisualStudioVersion = 17.3.32929.385
MinimumVisualStudioVersion = 10.0.40219.1
Project("{FAE04EC0-301F-11D3-BF4B-00C04F79EFBC}") = "FinalChallenge", "FinalChallenge\FinalChallenge.csproj", "{07470F84-AF41-4C5B-BE99-9C8545CDFF11}"
EndProject
Global
	GlobalSection(SolutionConfigurationPlatforms) = preSolution
		Debug|Any CPU = Debug|Any CPU
		Release|Any CPU = Release|Any CPU
	EndGlobalSection
	GlobalSection(ProjectConfigurationPlatforms) = postSolution
		{07470F84-AF41-4C5B-BE99-9C8545CDFF11}.Debug|Any CPU.ActiveCfg = Debug|Any CPU
		{07470F84-AF41-4C5B-BE99-9C8545CDFF11}.Debug|Any CPU.Build.0 = Debug|Any CPU
		{07470F84-AF41-4C5B-BE99-9C8545CDFF11}.Release|Any CPU.ActiveCfg = Release|Any CPU
		{07470F84-AF41-4C5B-BE99-9C8545CDFF11}.Release|Any CPU.Build.0 = Release|Any CPU
	EndGlobalSection
	GlobalSection(SolutionProperties) = preSolution
		HideSolutionNode = FALSE
	EndGlobalSection
	GlobalSection(ExtensibilityGlobals) = postSolution
		SolutionGuid = {3ECED71E-8A5B-4AE2-B032-8530EDCF70E5}
	EndGlobalSection
EndGlobal
