
Microsoft Visual Studio Solution File, Format Version 12.00
# Visual Studio Version 16
VisualStudioVersion = 16.0.32901.82
MinimumVisualStudioVersion = 10.0.40219.1
Project("{FAE04EC0-301F-11D3-BF4B-00C04F79EFBC}") = "Step280-Method", "Step280-Method\Step280-Method.csproj", "{45822CF2-63D1-483D-B3E4-49806EED584B}"
EndProject
Global
	GlobalSection(SolutionConfigurationPlatforms) = preSolution
		Debug|Any CPU = Debug|Any CPU
		Release|Any CPU = Release|Any CPU
	EndGlobalSection
	GlobalSection(ProjectConfigurationPlatforms) = postSolution
		{45822CF2-63D1-483D-B3E4-49806EED584B}.Debug|Any CPU.ActiveCfg = Debug|Any CPU
		{45822CF2-63D1-483D-B3E4-49806EED584B}.Debug|Any CPU.Build.0 = Debug|Any CPU
		{45822CF2-63D1-483D-B3E4-49806EED584B}.Release|Any CPU.ActiveCfg = Release|Any CPU
		{45822CF2-63D1-483D-B3E4-49806EED584B}.Release|Any CPU.Build.0 = Release|Any CPU
	EndGlobalSection
	GlobalSection(SolutionProperties) = preSolution
		HideSolutionNode = FALSE
	EndGlobalSection
	GlobalSection(ExtensibilityGlobals) = postSolution
		SolutionGuid = {811332BC-53B0-461F-A87D-A92087B0C763}
	EndGlobalSection
EndGlobal
