
Microsoft Visual Studio Solution File, Format Version 12.00
# Visual Studio Version 16
VisualStudioVersion = 16.0.32901.82
MinimumVisualStudioVersion = 10.0.40219.1
Project("{FAE04EC0-301F-11D3-BF4B-00C04F79EFBC}") = "WebStaterApp", "WebStaterApp\WebStaterApp.csproj", "{33D348D3-84A9-4C93-A60A-12E3379B2B94}"
EndProject
Global
	GlobalSection(SolutionConfigurationPlatforms) = preSolution
		Debug|Any CPU = Debug|Any CPU
		Release|Any CPU = Release|Any CPU
	EndGlobalSection
	GlobalSection(ProjectConfigurationPlatforms) = postSolution
		{33D348D3-84A9-4C93-A60A-12E3379B2B94}.Debug|Any CPU.ActiveCfg = Debug|Any CPU
		{33D348D3-84A9-4C93-A60A-12E3379B2B94}.Debug|Any CPU.Build.0 = Debug|Any CPU
		{33D348D3-84A9-4C93-A60A-12E3379B2B94}.Release|Any CPU.ActiveCfg = Release|Any CPU
		{33D348D3-84A9-4C93-A60A-12E3379B2B94}.Release|Any CPU.Build.0 = Release|Any CPU
	EndGlobalSection
	GlobalSection(SolutionProperties) = preSolution
		HideSolutionNode = FALSE
	EndGlobalSection
	GlobalSection(ExtensibilityGlobals) = postSolution
		SolutionGuid = {6BB803DC-6B32-4B87-9E8D-95721BF1FFE1}
	EndGlobalSection
EndGlobal
