
Microsoft Visual Studio Solution File, Format Version 12.00
# Visual Studio Version 16
VisualStudioVersion = 16.0.32901.82
MinimumVisualStudioVersion = 10.0.40219.1
Project("{FAE04EC0-301F-11D3-BF4B-00C04F79EFBC}") = "Inusrance Approval", "Inusrance Approval\Inusrance Approval.csproj", "{75832CC8-59BF-4B20-895B-85765468D650}"
EndProject
Global
	GlobalSection(SolutionConfigurationPlatforms) = preSolution
		Debug|Any CPU = Debug|Any CPU
		Release|Any CPU = Release|Any CPU
	EndGlobalSection
	GlobalSection(ProjectConfigurationPlatforms) = postSolution
		{75832CC8-59BF-4B20-895B-85765468D650}.Debug|Any CPU.ActiveCfg = Debug|Any CPU
		{75832CC8-59BF-4B20-895B-85765468D650}.Debug|Any CPU.Build.0 = Debug|Any CPU
		{75832CC8-59BF-4B20-895B-85765468D650}.Release|Any CPU.ActiveCfg = Release|Any CPU
		{75832CC8-59BF-4B20-895B-85765468D650}.Release|Any CPU.Build.0 = Release|Any CPU
	EndGlobalSection
	GlobalSection(SolutionProperties) = preSolution
		HideSolutionNode = FALSE
	EndGlobalSection
	GlobalSection(ExtensibilityGlobals) = postSolution
		SolutionGuid = {00B08BA4-3A11-4916-A067-697D73B2FEAE}
	EndGlobalSection
EndGlobal
