
Microsoft Visual Studio Solution File, Format Version 12.00
# Visual Studio Version 16
VisualStudioVersion = 16.0.32901.82
MinimumVisualStudioVersion = 10.0.40219.1
Project("{FAE04EC0-301F-11D3-BF4B-00C04F79EFBC}") = "Branching", "Branching\Branching.csproj", "{18F012CE-979D-448E-BB87-0319813DBA4C}"
EndProject
Global
	GlobalSection(SolutionConfigurationPlatforms) = preSolution
		Debug|Any CPU = Debug|Any CPU
		Release|Any CPU = Release|Any CPU
	EndGlobalSection
	GlobalSection(ProjectConfigurationPlatforms) = postSolution
		{18F012CE-979D-448E-BB87-0319813DBA4C}.Debug|Any CPU.ActiveCfg = Debug|Any CPU
		{18F012CE-979D-448E-BB87-0319813DBA4C}.Debug|Any CPU.Build.0 = Debug|Any CPU
		{18F012CE-979D-448E-BB87-0319813DBA4C}.Release|Any CPU.ActiveCfg = Release|Any CPU
		{18F012CE-979D-448E-BB87-0319813DBA4C}.Release|Any CPU.Build.0 = Release|Any CPU
	EndGlobalSection
	GlobalSection(SolutionProperties) = preSolution
		HideSolutionNode = FALSE
	EndGlobalSection
	GlobalSection(ExtensibilityGlobals) = postSolution
		SolutionGuid = {C332BD36-85B7-42FD-A55B-E1DED04D9138}
	EndGlobalSection
EndGlobal
