
Microsoft Visual Studio Solution File, Format Version 12.00
# Visual Studio Version 16
VisualStudioVersion = 16.0.32901.82
MinimumVisualStudioVersion = 10.0.40219.1
Project("{FAE04EC0-301F-11D3-BF4B-00C04F79EFBC}") = "While Loop", "While Loop\While Loop.csproj", "{E26E0079-124E-49FF-81E4-3BCE7CE653EB}"
EndProject
Global
	GlobalSection(SolutionConfigurationPlatforms) = preSolution
		Debug|Any CPU = Debug|Any CPU
		Release|Any CPU = Release|Any CPU
	EndGlobalSection
	GlobalSection(ProjectConfigurationPlatforms) = postSolution
		{E26E0079-124E-49FF-81E4-3BCE7CE653EB}.Debug|Any CPU.ActiveCfg = Debug|Any CPU
		{E26E0079-124E-49FF-81E4-3BCE7CE653EB}.Debug|Any CPU.Build.0 = Debug|Any CPU
		{E26E0079-124E-49FF-81E4-3BCE7CE653EB}.Release|Any CPU.ActiveCfg = Release|Any CPU
		{E26E0079-124E-49FF-81E4-3BCE7CE653EB}.Release|Any CPU.Build.0 = Release|Any CPU
	EndGlobalSection
	GlobalSection(SolutionProperties) = preSolution
		HideSolutionNode = FALSE
	EndGlobalSection
	GlobalSection(ExtensibilityGlobals) = postSolution
		SolutionGuid = {B2D85CDA-00E3-4478-921A-77B79E03E5BD}
	EndGlobalSection
EndGlobal
